
Microsoft Visual Studio Solution File, Format Version 12.00
# Visual Studio Version 17
VisualStudioVersion = 17.0.31903.59
MinimumVisualStudioVersion = 10.0.40219.1
Project("{FAE04EC0-301F-11D3-BF4B-00C04F79EFBC}") = "EmvQr", "EmvQr\EmvQr.csproj", "{5A62AF63-E000-414E-AE4B-0F8221B91DE2}"
EndProject
Project("{FAE04EC0-301F-11D3-BF4B-00C04F79EFBC}") = "EmvQr.Tests", "EmvQr.Tests\EmvQr.Tests.csproj", "{185CB3B6-E97D-47EB-A611-CEBDCFFDAC3D}"
EndProject
Global
	GlobalSection(SolutionConfigurationPlatforms) = preSolution
		Debug|Any CPU = Debug|Any CPU
		Debug|x64 = Debug|x64
		Debug|x86 = Debug|x86
		Release|Any CPU = Release|Any CPU
		Release|x64 = Release|x64
		Release|x86 = Release|x86
	EndGlobalSection
	GlobalSection(ProjectConfigurationPlatforms) = postSolution
		{5A62AF63-E000-414E-AE4B-0F8221B91DE2}.Debug|Any CPU.ActiveCfg = Debug|Any CPU
		{5A62AF63-E000-414E-AE4B-0F8221B91DE2}.Debug|Any CPU.Build.0 = Debug|Any CPU
		{5A62AF63-E000-414E-AE4B-0F8221B91DE2}.Debug|x64.ActiveCfg = Debug|Any CPU
		{5A62AF63-E000-414E-AE4B-0F8221B91DE2}.Debug|x64.Build.0 = Debug|Any CPU
		{5A62AF63-E000-414E-AE4B-0F8221B91DE2}.Debug|x86.ActiveCfg = Debug|Any CPU
		{5A62AF63-E000-414E-AE4B-0F8221B91DE2}.Debug|x86.Build.0 = Debug|Any CPU
		{5A62AF63-E000-414E-AE4B-0F8221B91DE2}.Release|Any CPU.ActiveCfg = Release|Any CPU
		{5A62AF63-E000-414E-AE4B-0F8221B91DE2}.Release|Any CPU.Build.0 = Release|Any CPU
		{5A62AF63-E000-414E-AE4B-0F8221B91DE2}.Release|x64.ActiveCfg = Release|Any CPU
		{5A62AF63-E000-414E-AE4B-0F8221B91DE2}.Release|x64.Build.0 = Release|Any CPU
		{5A62AF63-E000-414E-AE4B-0F8221B91DE2}.Release|x86.ActiveCfg = Release|Any CPU
		{5A62AF63-E000-414E-AE4B-0F8221B91DE2}.Release|x86.Build.0 = Release|Any CPU
		{185CB3B6-E97D-47EB-A611-CEBDCFFDAC3D}.Debug|Any CPU.ActiveCfg = Debug|Any CPU
		{185CB3B6-E97D-47EB-A611-CEBDCFFDAC3D}.Debug|Any CPU.Build.0 = Debug|Any CPU
		{185CB3B6-E97D-47EB-A611-CEBDCFFDAC3D}.Debug|x64.ActiveCfg = Debug|Any CPU
		{185CB3B6-E97D-47EB-A611-CEBDCFFDAC3D}.Debug|x64.Build.0 = Debug|Any CPU
		{185CB3B6-E97D-47EB-A611-CEBDCFFDAC3D}.Debug|x86.ActiveCfg = Debug|Any CPU
		{185CB3B6-E97D-47EB-A611-CEBDCFFDAC3D}.Debug|x86.Build.0 = Debug|Any CPU
		{185CB3B6-E97D-47EB-A611-CEBDCFFDAC3D}.Release|Any CPU.ActiveCfg = Release|Any CPU
		{185CB3B6-E97D-47EB-A611-CEBDCFFDAC3D}.Release|Any CPU.Build.0 = Release|Any CPU
		{185CB3B6-E97D-47EB-A611-CEBDCFFDAC3D}.Release|x64.ActiveCfg = Release|Any CPU
		{185CB3B6-E97D-47EB-A611-CEBDCFFDAC3D}.Release|x64.Build.0 = Release|Any CPU
		{185CB3B6-E97D-47EB-A611-CEBDCFFDAC3D}.Release|x86.ActiveCfg = Release|Any CPU
		{185CB3B6-E97D-47EB-A611-CEBDCFFDAC3D}.Release|x86.Build.0 = Release|Any CPU
	EndGlobalSection
	GlobalSection(SolutionProperties) = preSolution
		HideSolutionNode = FALSE
	EndGlobalSection
EndGlobal
